{
  "version": 4,
  "terraform_version": "1.6.6",
  "serial": 74,
  "lineage": "ff33f8d8-25ab-0373-d296-f4fe28b70bb5",
  "outputs": {},
  "resources": [
    {
      "mode": "data",
      "type": "proxmox_virtual_environment_vms",
      "name": "template",
      "provider": "provider[\"registry.terraform.io/bpg/proxmox\"]",
      "instances": [
        {
          "schema_version": 0,
          "attributes": {
            "id": "f6dac123-d7ba-4b56-950b-9207e59e3796",
            "node_name": "pve",
            "tags": [
              "template",
              "ubuntu2310"
            ],
            "vms": [
              {
                "name": "ubuntu2310.easyformer.fr",
                "node_name": "pve",
                "tags": [
                  "template",
                  "ubuntu2310"
                ],
                "vm_id": 9999
              }
            ]
          },
          "sensitive_attributes": []
        }
      ]
    },
    {
      "mode": "managed",
      "type": "proxmox_virtual_environment_file",
      "name": "cloud_meta_config",
      "provider": "provider[\"registry.terraform.io/bpg/proxmox\"]",
      "instances": [
        {
          "schema_version": 0,
          "attributes": {
            "content_type": "snippets",
            "datastore_id": "local",
            "file_modification_date": null,
            "file_name": "exemple.exemple.com-ci-meta_data.yml",
            "file_size": null,
            "file_tag": null,
            "id": "local:snippets/exemple.exemple.com-ci-meta_data.yml",
            "node_name": "pve",
            "overwrite": true,
            "source_file": [],
            "source_raw": [
              {
                "data": "",
                "file_name": "exemple.exemple.com-ci-meta_data.yml",
                "resize": 0
              }
            ],
            "timeout_upload": 1800
          },
          "sensitive_attributes": [],
          "private": "bnVsbA=="
        }
      ]
    },
    {
      "mode": "managed",
      "type": "proxmox_virtual_environment_file",
      "name": "cloud_user_config",
      "provider": "provider[\"registry.terraform.io/bpg/proxmox\"]",
      "instances": [
        {
          "schema_version": 0,
          "attributes": {
            "content_type": "snippets",
            "datastore_id": "local",
            "file_modification_date": null,
            "file_name": "exemple.exemple.com-ci-user.yml",
            "file_size": null,
            "file_tag": null,
            "id": "local:snippets/exemple.exemple.com-ci-user.yml",
            "node_name": "pve",
            "overwrite": true,
            "source_file": [],
            "source_raw": [
              {
                "data": "hostname: jbnr-apache\nlocal-hostname: jbnr-apache\nfqdn: jbnr-apache.jbnr.lan\nmanage_etc_hosts: true\nusers:\n  - default\n  - name: root\n    sudo: ALL=(ALL) NOPASSWD:ALL\n    ssh_authorized_keys:\n      - ssh-rsa AAAAB3NzaC1yc2EAAAADAQABAAABgQCepHgMKZAqwxl9CBJ3f0wHhlH++suncnlHOK8647Runx/safTmGw3B040Pt/b5spNSx1jAM6qDsAuRmKwrFJ9PDQLOdzlrARq0ocguiC71CrlaOjwpVrmk5385AsZTzeO6p/3DMB6x5idf7pWzkMeN770s2EMTI0QLawGyoABwkMB66BaNWDmjEKgCAkxcXesxKe5MmjPeS9fYeTiFkNbh6e/QFNI6L0cB/iHsqtI8Pw5chaJFHHTvKkQmbzkGgIO5eR1ihc+dICfsgufK7e5PZ+yEPj+lVqLVbtok9kSCQsbaaPSSQuLl6F1PohXwTnVMRL9zopf97mQFCzpCd9zyvQPlAW2reGY5AiNyt4NdfQgSOcBs5g+rcovVE4oJJV4tL7/qwhDK2cLm7YggwCjprqIz5axMPpDEn4Zof7HsQNVXghTuaCoGSnLbs90RGEz3y79BMXObreC8PJN2b4DPQmhfs9UxiVLg9mYywoOBXHszH+0Rm7755unBJtD0PBU= root@debian\nssh_pwauth: True\nwrite_files:\n  - path: /etc/netplan/01-netcfg.yaml\n    content: |\n      network:\n        version: 2\n        ethernets:\n          ens18:\n            addresses:\n              - 10.8.50.190/24\n            nameservers:\n              addresses:\n                - 8.8.8.8\n              search: []\n            optional: true\n            routes:\n              - to: 0.0.0.0/0\n                via: 10.8.50.254\n                on-link: true\nruncmd:\n  - netplan apply\n  - apt-get install needrestart\n  - echo '$nrconf{restart} = \"a\";' | tee -a /etc/needrestart/needrestart.conf",
                "file_name": "exemple.exemple.com-ci-user.yml",
                "resize": 0
              }
            ],
            "timeout_upload": 1800
          },
          "sensitive_attributes": [],
          "private": "bnVsbA=="
        }
      ]
    },
    {
      "mode": "managed",
      "type": "proxmox_virtual_environment_vm",
      "name": "vm",
      "provider": "provider[\"registry.terraform.io/bpg/proxmox\"]",
      "instances": [
        {
          "status": "tainted",
          "schema_version": 0,
          "attributes": {
            "acpi": true,
            "agent": [
              {
                "enabled": true,
                "timeout": "15m",
                "trim": false,
                "type": "virtio"
              }
            ],
            "audio_device": [],
            "bios": "seabios",
            "boot_order": [
              "scsi0"
            ],
            "cdrom": [],
            "clone": [
              {
                "datastore_id": "",
                "full": true,
                "node_name": "",
                "retries": 1,
                "vm_id": 9999
              }
            ],
            "cpu": [
              {
                "architecture": "x86_64",
                "cores": 1,
                "flags": [],
                "hotplugged": 0,
                "limit": 0,
                "numa": false,
                "sockets": 1,
                "type": "x86-64-v2-AES",
                "units": 1024
              }
            ],
            "description": null,
            "disk": [
              {
                "cache": "none",
                "datastore_id": "local",
                "discard": "",
                "file_format": "raw",
                "file_id": "",
                "interface": "scsi0",
                "iothread": false,
                "path_in_datastore": "100/vm-100-disk-0.raw",
                "size": 10,
                "speed": [],
                "ssd": false
              }
            ],
            "efi_disk": [],
            "hook_script_file_id": null,
            "hostpci": [],
            "id": "100",
            "initialization": [
              {
                "datastore_id": "local",
                "dns": [],
                "interface": "ide2",
                "ip_config": [
                  {
                    "ipv4": [
                      {
                        "address": "dhcp",
                        "gateway": ""
                      }
                    ],
                    "ipv6": []
                  }
                ],
                "meta_data_file_id": "local:snippets/exemple.exemple.com-ci-meta_data.yml",
                "network_data_file_id": "",
                "type": "",
                "user_account": [],
                "user_data_file_id": "local:snippets/exemple.exemple.com-ci-user.yml",
                "vendor_data_file_id": ""
              }
            ],
            "ipv4_addresses": [
              [
                "127.0.0.1"
              ],
              [
                "192.168.27.154"
              ]
            ],
            "ipv6_addresses": [
              [
                "::1"
              ],
              [
                "fe80::ff:fed3:373f"
              ]
            ],
            "keyboard_layout": "en-us",
            "kvm_arguments": null,
            "mac_addresses": [
              "00:00:00:00:00:00",
              "02:00:00:D3:37:3F"
            ],
            "machine": null,
            "memory": [
              {
                "dedicated": 2048,
                "floating": 0,
                "shared": 0
              }
            ],
            "migrate": false,
            "name": "exemple.exemple.com",
            "network_device": [
              {
                "bridge": "vmbr0",
                "enabled": true,
                "firewall": false,
                "mac_address": "02:00:00:d3:37:3f",
                "model": "virtio",
                "mtu": 0,
                "queues": 0,
                "rate_limit": 0,
                "vlan_id": 0
              }
            ],
            "network_interface_names": [
              "lo",
              "eth0"
            ],
            "node_name": "pve",
            "on_boot": true,
            "operating_system": [],
            "pool_id": null,
            "reboot": false,
            "scsi_hardware": "virtio-scsi-single",
            "serial_device": [],
            "smbios": [],
            "started": true,
            "startup": [],
            "stop_on_destroy": false,
            "tablet_device": true,
            "tags": [
              "ubuntu2310"
            ],
            "template": false,
            "timeout_clone": 1800,
            "timeout_create": 1800,
            "timeout_migrate": 1800,
            "timeout_move_disk": 1800,
            "timeout_reboot": 1800,
            "timeout_shutdown_vm": 1800,
            "timeout_start_vm": 1800,
            "timeout_stop_vm": 300,
            "tpm_state": [],
            "usb": [],
            "vga": [],
            "vm_id": 100
          },
          "sensitive_attributes": [],
          "private": "bnVsbA==",
          "dependencies": [
            "data.proxmox_virtual_environment_vms.template",
            "proxmox_virtual_environment_file.cloud_meta_config",
            "proxmox_virtual_environment_file.cloud_user_config"
          ]
        }
      ]
    }
  ],
  "check_results": null
}
